
Microsoft Visual Studio Solution File, Format Version 12.00
# Visual Studio Version 16
VisualStudioVersion = 16.0.35826.135
MinimumVisualStudioVersion = 10.0.40219.1
Project("{FAE04EC0-301F-11D3-BF4B-00C04F79EFBC}") = "litedbcli", "litedbcli\litedbcli.csproj", "{A777FBAE-FCA4-4876-9780-BCB9DF0D86AA}"
EndProject
Global
	GlobalSection(SolutionConfigurationPlatforms) = preSolution
		Debug|Any CPU = Debug|Any CPU
		Release|Any CPU = Release|Any CPU
	EndGlobalSection
	GlobalSection(ProjectConfigurationPlatforms) = postSolution
		{A777FBAE-FCA4-4876-9780-BCB9DF0D86AA}.Debug|Any CPU.ActiveCfg = Debug|Any CPU
		{A777FBAE-FCA4-4876-9780-BCB9DF0D86AA}.Debug|Any CPU.Build.0 = Debug|Any CPU
		{A777FBAE-FCA4-4876-9780-BCB9DF0D86AA}.Release|Any CPU.ActiveCfg = Release|Any CPU
		{A777FBAE-FCA4-4876-9780-BCB9DF0D86AA}.Release|Any CPU.Build.0 = Release|Any CPU
	EndGlobalSection
	GlobalSection(SolutionProperties) = preSolution
		HideSolutionNode = FALSE
	EndGlobalSection
	GlobalSection(ExtensibilityGlobals) = postSolution
		SolutionGuid = {D5D93AF3-75D3-4543-8268-97A7CA25003F}
	EndGlobalSection
EndGlobal
